<?xml version="1.0" encoding="utf-8"?>
<Project ToolsVersion="4.0" xmlns="http://schemas.microsoft.com/developer/msbuild/2003">
  <ItemGroup>
    <ClCompile Include="src\main.cpp">
      <Filter>Sources</Filter>
    </ClCompile>
    <ClCompile Include="src\geometry.cpp">
      <Filter>Sources</Filter>
    </ClCompile>
    <ClCompile Include="src\treeNode.cpp">
      <Filter>Sources</Filter>
    </ClCompile>
    <ClCompile Include="src\objGen.cpp">
      <Filter>Sources</Filter>
    </ClCompile>
    <ClCompile Include="src\math\vect3d.cpp">
      <Filter>math</Filter>
    </ClCompile>
    <ClCompile Include="src\math\triangle.cpp">
      <Filter>math</Filter>
    </ClCompile>
  </ItemGroup>
  <ItemGroup>
    <Filter Include="Headers">
      <UniqueIdentifier>{f9292f1f-29b8-4131-9623-180a5b579f8c}</UniqueIdentifier>
    </Filter>
    <Filter Include="Sources">
      <UniqueIdentifier>{15d5f8fe-6b20-409d-b5ca-bcb20044bf45}</UniqueIdentifier>
    </Filter>
    <Filter Include="math">
      <UniqueIdentifier>{81c992af-1de5-4e1b-952d-9c918819cb22}</UniqueIdentifier>
    </Filter>
  </ItemGroup>
  <ItemGroup>
    <ClInclude Include="include\geometry.h">
      <Filter>Headers</Filter>
    </ClInclude>
    <ClInclude Include="include\treeNode.h">
      <Filter>Headers</Filter>
    </ClInclude>
    <ClInclude Include="include\objGen.h">
      <Filter>Headers</Filter>
    </ClInclude>
    <ClInclude Include="include\math\triangle.h">
      <Filter>math</Filter>
    </ClInclude>
    <ClInclude Include="include\math\vect3d.h">
      <Filter>math</Filter>
    </ClInclude>
  </ItemGroup>
</Project>